// !$*UTF8*$!
{
	archiveVersion = 1;
	classes = {
	};
	objectVersion = 46;
	objects = {

/* Begin PBXBuildFile section */
		1275283B8025AD6024C3F5EF /* Pods_imagePickerUITests.framework in Frameworks */ = {isa = PBXBuildFile; fileRef = B24EFAEA47E5FAD7C8FE2CC9 /* Pods_imagePickerUITests.framework */; };
		2562B6071E939CF800D0AFC6 /* AppDelegate.swift in Sources */ = {isa = PBXBuildFile; fileRef = 2562B6061E939CF800D0AFC6 /* AppDelegate.swift */; };
		2562B6091E939CF800D0AFC6 /* ViewController.swift in Sources */ = {isa = PBXBuildFile; fileRef = 2562B6081E939CF800D0AFC6 /* ViewController.swift */; };
		2562B60C1E939CF800D0AFC6 /* Main.storyboard in Resources */ = {isa = PBXBuildFile; fileRef = 2562B60A1E939CF800D0AFC6 /* Main.storyboard */; };
		2562B60F1E939CF800D0AFC6 /* imagePicker.xcdatamodeld in Sources */ = {isa = PBXBuildFile; fileRef = 2562B60D1E939CF800D0AFC6 /* imagePicker.xcdatamodeld */; };
		2562B6111E939CF800D0AFC6 /* Assets.xcassets in Resources */ = {isa = PBXBuildFile; fileRef = 2562B6101E939CF800D0AFC6 /* Assets.xcassets */; };
		2562B6141E939CF800D0AFC6 /* LaunchScreen.storyboard in Resources */ = {isa = PBXBuildFile; fileRef = 2562B6121E939CF800D0AFC6 /* LaunchScreen.storyboard */; };
		2562B61F1E939CF800D0AFC6 /* imagePickerTests.swift in Sources */ = {isa = PBXBuildFile; fileRef = 2562B61E1E939CF800D0AFC6 /* imagePickerTests.swift */; };
		2562B62A1E939CF800D0AFC6 /* imagePickerUITests.swift in Sources */ = {isa = PBXBuildFile; fileRef = 2562B6291E939CF800D0AFC6 /* imagePickerUITests.swift */; };
		25B0C7571E94C19000059FD7 /* GoogleService-Info.plist in Resources */ = {isa = PBXBuildFile; fileRef = 25B0C7561E94C19000059FD7 /* GoogleService-Info.plist */; };
		7C8A8A1CD56074470ACDE2F2 /* Pods_imagePicker.framework in Frameworks */ = {isa = PBXBuildFile; fileRef = C709D8C718E7884F7E1A7AB7 /* Pods_imagePicker.framework */; };
		FD48E8D492DB3B678FAA25EE /* Pods_imagePickerTests.framework in Frameworks */ = {isa = PBXBuildFile; fileRef = 1A1D75CCCA870881E5958DF1 /* Pods_imagePickerTests.framework */; };
/* End PBXBuildFile section */

/* Begin PBXContainerItemProxy section */
		2562B61B1E939CF800D0AFC6 /* PBXContainerItemProxy */ = {
			isa = PBXContainerItemProxy;
			containerPortal = 2562B5FB1E939CF700D0AFC6 /* Project object */;
			proxyType = 1;
			remoteGlobalIDString = 2562B6021E939CF800D0AFC6;
			remoteInfo = imagePicker;
		};
		2562B6261E939CF800D0AFC6 /* PBXContainerItemProxy */ = {
			isa = PBXContainerItemProxy;
			containerPortal = 2562B5FB1E939CF700D0AFC6 /* Project object */;
			proxyType = 1;
			remoteGlobalIDString = 2562B6021E939CF800D0AFC6;
			remoteInfo = imagePicker;
		};
/* End PBXContainerItemProxy section */

/* Begin PBXFileReference section */
		187FCA7E8DC18DB6D9D04BD6 /* Pods-imagePicker.release.xcconfig */ = {isa = PBXFileReference; includeInIndex = 1; lastKnownFileType = text.xcconfig; name = "Pods-imagePicker.release.xcconfig"; path = "Pods/Target Support Files/Pods-imagePicker/Pods-imagePicker.release.xcconfig"; sourceTree = "<group>"; };
		1A1D75CCCA870881E5958DF1 /* Pods_imagePickerTests.framework */ = {isa = PBXFileReference; explicitFileType = wrapper.framework; includeInIndex = 0; path = Pods_imagePickerTests.framework; sourceTree = BUILT_PRODUCTS_DIR; };
		1B8F6F91017048863E7F191A /* Pods-imagePickerUITests.release.xcconfig */ = {isa = PBXFileReference; includeInIndex = 1; lastKnownFileType = text.xcconfig; name = "Pods-imagePickerUITests.release.xcconfig"; path = "Pods/Target Support Files/Pods-imagePickerUITests/Pods-imagePickerUITests.release.xcconfig"; sourceTree = "<group>"; };
		2562B6031E939CF800D0AFC6 /* imagePicker.app */ = {isa = PBXFileReference; explicitFileType = wrapper.application; includeInIndex = 0; path = imagePicker.app; sourceTree = BUILT_PRODUCTS_DIR; };
		2562B6061E939CF800D0AFC6 /* AppDelegate.swift */ = {isa = PBXFileReference; lastKnownFileType = sourcecode.swift; path = AppDelegate.swift; sourceTree = "<group>"; };
		2562B6081E939CF800D0AFC6 /* ViewController.swift */ = {isa = PBXFileReference; lastKnownFileType = sourcecode.swift; path = ViewController.swift; sourceTree = "<group>"; };
		2562B60B1E939CF800D0AFC6 /* Base */ = {isa = PBXFileReference; lastKnownFileType = file.storyboard; name = Base; path = Base.lproj/Main.storyboard; sourceTree = "<group>"; };
		2562B60E1E939CF800D0AFC6 /* imagePicker.xcdatamodel */ = {isa = PBXFileReference; lastKnownFileType = wrapper.xcdatamodel; path = imagePicker.xcdatamodel; sourceTree = "<group>"; };
		2562B6101E939CF800D0AFC6 /* Assets.xcassets */ = {isa = PBXFileReference; lastKnownFileType = folder.assetcatalog; path = Assets.xcassets; sourceTree = "<group>"; };
		2562B6131E939CF800D0AFC6 /* Base */ = {isa = PBXFileReference; lastKnownFileType = file.storyboard; name = Base; path = Base.lproj/LaunchScreen.storyboard; sourceTree = "<group>"; };
		2562B6151E939CF800D0AFC6 /* Info.plist */ = {isa = PBXFileReference; lastKnownFileType = text.plist.xml; path = Info.plist; sourceTree = "<group>"; };
		2562B61A1E939CF800D0AFC6 /* imagePickerTests.xctest */ = {isa = PBXFileReference; explicitFileType = wrapper.cfbundle; includeInIndex = 0; path = imagePickerTests.xctest; sourceTree = BUILT_PRODUCTS_DIR; };
		2562B61E1E939CF800D0AFC6 /* imagePickerTests.swift */ = {isa = PBXFileReference; lastKnownFileType = sourcecode.swift; path = imagePickerTests.swift; sourceTree = "<group>"; };
		2562B6201E939CF800D0AFC6 /* Info.plist */ = {isa = PBXFileReference; lastKnownFileType = text.plist.xml; path = Info.plist; sourceTree = "<group>"; };
		2562B6251E939CF800D0AFC6 /* imagePickerUITests.xctest */ = {isa = PBXFileReference; explicitFileType = wrapper.cfbundle; includeInIndex = 0; path = imagePickerUITests.xctest; sourceTree = BUILT_PRODUCTS_DIR; };
		2562B6291E939CF800D0AFC6 /* imagePickerUITests.swift */ = {isa = PBXFileReference; lastKnownFileType = sourcecode.swift; path = imagePickerUITests.swift; sourceTree = "<group>"; };
		2562B62B1E939CF800D0AFC6 /* Info.plist */ = {isa = PBXFileReference; lastKnownFileType = text.plist.xml; path = Info.plist; sourceTree = "<group>"; };
		25B0C7561E94C19000059FD7 /* GoogleService-Info.plist */ = {isa = PBXFileReference; fileEncoding = 4; lastKnownFileType = text.plist.xml; path = "GoogleService-Info.plist"; sourceTree = "<group>"; };
		78F983CAC7651DE9921E3E48 /* Pods-imagePicker.debug.xcconfig */ = {isa = PBXFileReference; includeInIndex = 1; lastKnownFileType = text.xcconfig; name = "Pods-imagePicker.debug.xcconfig"; path = "Pods/Target Support Files/Pods-imagePicker/Pods-imagePicker.debug.xcconfig"; sourceTree = "<group>"; };
		B24EFAEA47E5FAD7C8FE2CC9 /* Pods_imagePickerUITests.framework */ = {isa = PBXFileReference; explicitFileType = wrapper.framework; includeInIndex = 0; path = Pods_imagePickerUITests.framework; sourceTree = BUILT_PRODUCTS_DIR; };
		BC851376ACC332D476D6CFCF /* Pods-imagePickerTests.release.xcconfig */ = {isa = PBXFileReference; includeInIndex = 1; lastKnownFileType = text.xcconfig; name = "Pods-imagePickerTests.release.xcconfig"; path = "Pods/Target Support Files/Pods-imagePickerTests/Pods-imagePickerTests.release.xcconfig"; sourceTree = "<group>"; };
		C1F65D24906ADFF130816386 /* Pods-imagePickerUITests.debug.xcconfig */ = {isa = PBXFileReference; includeInIndex = 1; lastKnownFileType = text.xcconfig; name = "Pods-imagePickerUITests.debug.xcconfig"; path = "Pods/Target Support Files/Pods-imagePickerUITests/Pods-imagePickerUITests.debug.xcconfig"; sourceTree = "<group>"; };
		C709D8C718E7884F7E1A7AB7 /* Pods_imagePicker.framework */ = {isa = PBXFileReference; explicitFileType = wrapper.framework; includeInIndex = 0; path = Pods_imagePicker.framework; sourceTree = BUILT_PRODUCTS_DIR; };
		D5E3C0EB58DFA6AD7A52EB4E /* Pods-imagePickerTests.debug.xcconfig */ = {isa = PBXFileReference; includeInIndex = 1; lastKnownFileType = text.xcconfig; name = "Pods-imagePickerTests.debug.xcconfig"; path = "Pods/Target Support Files/Pods-imagePickerTests/Pods-imagePickerTests.debug.xcconfig"; sourceTree = "<group>"; };
/* End PBXFileReference section */

/* Begin PBXFrameworksBuildPhase section */
		2562B6001E939CF800D0AFC6 /* Frameworks */ = {
			isa = PBXFrameworksBuildPhase;
			buildActionMask = 2147483647;
			files = (
				7C8A8A1CD56074470ACDE2F2 /* Pods_imagePicker.framework in Frameworks */,
			);
			runOnlyForDeploymentPostprocessing = 0;
		};
		2562B6171E939CF800D0AFC6 /* Frameworks */ = {
			isa = PBXFrameworksBuildPhase;
			buildActionMask = 2147483647;
			files = (
				FD48E8D492DB3B678FAA25EE /* Pods_imagePickerTests.framework in Frameworks */,
			);
			runOnlyForDeploymentPostprocessing = 0;
		};
		2562B6221E939CF800D0AFC6 /* Frameworks */ = {
			isa = PBXFrameworksBuildPhase;
			buildActionMask = 2147483647;
			files = (
				1275283B8025AD6024C3F5EF /* Pods_imagePickerUITests.framework in Frameworks */,
			);
			runOnlyForDeploymentPostprocessing = 0;
		};
/* End PBXFrameworksBuildPhase section */

/* Begin PBXGroup section */
		107C2DFBF840DCE93C7E0D69 /* Pods */ = {
			isa = PBXGroup;
			children = (
				78F983CAC7651DE9921E3E48 /* Pods-imagePicker.debug.xcconfig */,
				187FCA7E8DC18DB6D9D04BD6 /* Pods-imagePicker.release.xcconfig */,
				D5E3C0EB58DFA6AD7A52EB4E /* Pods-imagePickerTests.debug.xcconfig */,
				BC851376ACC332D476D6CFCF /* Pods-imagePickerTests.release.xcconfig */,
				C1F65D24906ADFF130816386 /* Pods-imagePickerUITests.debug.xcconfig */,
				1B8F6F91017048863E7F191A /* Pods-imagePickerUITests.release.xcconfig */,
			);
			name = Pods;
			sourceTree = "<group>";
		};
		1BA14C6F45CBF4FCC5172DCD /* Frameworks */ = {
			isa = PBXGroup;
			children = (
				C709D8C718E7884F7E1A7AB7 /* Pods_imagePicker.framework */,
				1A1D75CCCA870881E5958DF1 /* Pods_imagePickerTests.framework */,
				B24EFAEA47E5FAD7C8FE2CC9 /* Pods_imagePickerUITests.framework */,
			);
			name = Frameworks;
			sourceTree = "<group>";
		};
		2562B5FA1E939CF700D0AFC6 = {
			isa = PBXGroup;
			children = (
				2562B6051E939CF800D0AFC6 /* imagePicker */,
				2562B61D1E939CF800D0AFC6 /* imagePickerTests */,
				2562B6281E939CF800D0AFC6 /* imagePickerUITests */,
				2562B6041E939CF800D0AFC6 /* Products */,
				107C2DFBF840DCE93C7E0D69 /* Pods */,
				1BA14C6F45CBF4FCC5172DCD /* Frameworks */,
			);
			sourceTree = "<group>";
		};
		2562B6041E939CF800D0AFC6 /* Products */ = {
			isa = PBXGroup;
			children = (
				2562B6031E939CF800D0AFC6 /* imagePicker.app */,
				2562B61A1E939CF800D0AFC6 /* imagePickerTests.xctest */,
				2562B6251E939CF800D0AFC6 /* imagePickerUITests.xctest */,
			);
			name = Products;
			sourceTree = "<group>";
		};
		2562B6051E939CF800D0AFC6 /* imagePicker */ = {
			isa = PBXGroup;
			children = (
				2562B6061E939CF800D0AFC6 /* AppDelegate.swift */,
				2562B6081E939CF800D0AFC6 /* ViewController.swift */,
				2562B60A1E939CF800D0AFC6 /* Main.storyboard */,
				2562B6101E939CF800D0AFC6 /* Assets.xcassets */,
				2562B6121E939CF800D0AFC6 /* LaunchScreen.storyboard */,
				25B0C7561E94C19000059FD7 /* GoogleService-Info.plist */,
				2562B6151E939CF800D0AFC6 /* Info.plist */,
				2562B60D1E939CF800D0AFC6 /* imagePicker.xcdatamodeld */,
			);
			path = imagePicker;
			sourceTree = "<group>";
		};
		2562B61D1E939CF800D0AFC6 /* imagePickerTests */ = {
			isa = PBXGroup;
			children = (
				2562B61E1E939CF800D0AFC6 /* imagePickerTests.swift */,
				2562B6201E939CF800D0AFC6 /* Info.plist */,
			);
			path = imagePickerTests;
			sourceTree = "<group>";
		};
		2562B6281E939CF800D0AFC6 /* imagePickerUITests */ = {
			isa = PBXGroup;
			children = (
				2562B6291E939CF800D0AFC6 /* imagePickerUITests.swift */,
				2562B62B1E939CF800D0AFC6 /* Info.plist */,
			);
			path = imagePickerUITests;
			sourceTree = "<group>";
		};
/* End PBXGroup section */

/* Begin PBXNativeTarget section */
		2562B6021E939CF800D0AFC6 /* imagePicker */ = {
			isa = PBXNativeTarget;
			buildConfigurationList = 2562B62E1E939CF800D0AFC6 /* Build configuration list for PBXNativeTarget "imagePicker" */;
			buildPhases = (
				2CA3D61FE8D2D54F2F6871DD /* [CP] Check Pods Manifest.lock */,
				2562B5FF1E939CF800D0AFC6 /* Sources */,
				2562B6001E939CF800D0AFC6 /* Frameworks */,
				2562B6011E939CF800D0AFC6 /* Resources */,
				86F3CFC68B0A89A76FC31AB5 /* [CP] Embed Pods Frameworks */,
				8B7EE9B7B7B02C588A12B398 /* [CP] Copy Pods Resources */,
			);
			buildRules = (
			);
			dependencies = (
			);
			name = imagePicker;
			productName = imagePicker;
			productReference = 2562B6031E939CF800D0AFC6 /* imagePicker.app */;
			productType = "com.apple.product-type.application";
		};
		2562B6191E939CF800D0AFC6 /* imagePickerTests */ = {
			isa = PBXNativeTarget;
			buildConfigurationList = 2562B6311E939CF800D0AFC6 /* Build configuration list for PBXNativeTarget "imagePickerTests" */;
			buildPhases = (
				DE80C44C1CF8ACFA8CDBC87E /* [CP] Check Pods Manifest.lock */,
				2562B6161E939CF800D0AFC6 /* Sources */,
				2562B6171E939CF800D0AFC6 /* Frameworks */,
				2562B6181E939CF800D0AFC6 /* Resources */,
				A5497D678890D3BA0AD7A3BC /* [CP] Embed Pods Frameworks */,
				722DC0D0E7F599FF37083D96 /* [CP] Copy Pods Resources */,
			);
			buildRules = (
			);
			dependencies = (
				2562B61C1E939CF800D0AFC6 /* PBXTargetDependency */,
			);
			name = imagePickerTests;
			productName = imagePickerTests;
			productReference = 2562B61A1E939CF800D0AFC6 /* imagePickerTests.xctest */;
			productType = "com.apple.product-type.bundle.unit-test";
		};
		2562B6241E939CF800D0AFC6 /* imagePickerUITests */ = {
			isa = PBXNativeTarget;
			buildConfigurationList = 2562B6341E939CF800D0AFC6 /* Build configuration list for PBXNativeTarget "imagePickerUITests" */;
			buildPhases = (
				CD369DC539B628379F118621 /* [CP] Check Pods Manifest.lock */,
				2562B6211E939CF800D0AFC6 /* Sources */,
				2562B6221E939CF800D0AFC6 /* Frameworks */,
				2562B6231E939CF800D0AFC6 /* Resources */,
				8C4D745385396CCE6E45DAD5 /* [CP] Embed Pods Frameworks */,
				3C9DEF38DA4F933B9CD17428 /* [CP] Copy Pods Resources */,
			);
			buildRules = (
			);
			dependencies = (
				2562B6271E939CF800D0AFC6 /* PBXTargetDependency */,
			);
			name = imagePickerUITests;
			productName = imagePickerUITests;
			productReference = 2562B6251E939CF800D0AFC6 /* imagePickerUITests.xctest */;
			productType = "com.apple.product-type.bundle.ui-testing";
		};
/* End PBXNativeTarget section */

/* Begin PBXProject section */
		2562B5FB1E939CF700D0AFC6 /* Project object */ = {
			isa = PBXProject;
			attributes = {
				LastSwiftUpdateCheck = 0820;
				LastUpgradeCheck = 0820;
				ORGANIZATIONNAME = "Apple Inc";
				TargetAttributes = {
					2562B6021E939CF800D0AFC6 = {
						CreatedOnToolsVersion = 8.2.1;
						DevelopmentTeam = 9A9LR934E6;
						ProvisioningStyle = Automatic;
					};
					2562B6191E939CF800D0AFC6 = {
						CreatedOnToolsVersion = 8.2.1;
						ProvisioningStyle = Automatic;
						TestTargetID = 2562B6021E939CF800D0AFC6;
					};
					2562B6241E939CF800D0AFC6 = {
						CreatedOnToolsVersion = 8.2.1;
						ProvisioningStyle = Automatic;
						TestTargetID = 2562B6021E939CF800D0AFC6;
					};
				};
			};
			buildConfigurationList = 2562B5FE1E939CF700D0AFC6 /* Build configuration list for PBXProject "imagePicker" */;
			compatibilityVersion = "Xcode 3.2";
			developmentRegion = English;
			hasScannedForEncodings = 0;
			knownRegions = (
				en,
				Base,
			);
			mainGroup = 2562B5FA1E939CF700D0AFC6;
			productRefGroup = 2562B6041E939CF800D0AFC6 /* Products */;
			projectDirPath = "";
			projectRoot = "";
			targets = (
				2562B6021E939CF800D0AFC6 /* imagePicker */,
				2562B6191E939CF800D0AFC6 /* imagePickerTests */,
				2562B6241E939CF800D0AFC6 /* imagePickerUITests */,
			);
		};
/* End PBXProject section */

/* Begin PBXResourcesBuildPhase section */
		2562B6011E939CF800D0AFC6 /* Resources */ = {
			isa = PBXResourcesBuildPhase;
			buildActionMask = 2147483647;
			files = (
				2562B6141E939CF800D0AFC6 /* LaunchScreen.storyboard in Resources */,
				2562B6111E939CF800D0AFC6 /* Assets.xcassets in Resources */,
				25B0C7571E94C19000059FD7 /* GoogleService-Info.plist in Resources */,
				2562B60C1E939CF800D0AFC6 /* Main.storyboard in Resources */,
			);
			runOnlyForDeploymentPostprocessing = 0;
		};
		2562B6181E939CF800D0AFC6 /* Resources */ = {
			isa = PBXResourcesBuildPhase;
			buildActionMask = 2147483647;
			files = (
			);
			runOnlyForDeploymentPostprocessing = 0;
		};
		2562B6231E939CF800D0AFC6 /* Resources */ = {
			isa = PBXResourcesBuildPhase;
			buildActionMask = 2147483647;
			files = (
			);
			runOnlyForDeploymentPostprocessing = 0;
		};
/* End PBXResourcesBuildPhase section */

/* Begin PBXShellScriptBuildPhase section */
		2CA3D61FE8D2D54F2F6871DD /* [CP] Check Pods Manifest.lock */ = {
			isa = PBXShellScriptBuildPhase;
			buildActionMask = 2147483647;
			files = (
			);
			inputPaths = (
			);
			name = "[CP] Check Pods Manifest.lock";
			outputPaths = (
			);
			runOnlyForDeploymentPostprocessing = 0;
			shellPath = /bin/sh;
			shellScript = "diff \"${PODS_ROOT}/../Podfile.lock\" \"${PODS_ROOT}/Manifest.lock\" > /dev/null\nif [ $? != 0 ] ; then\n    # print error to STDERR\n    echo \"error: The sandbox is not in sync with the Podfile.lock. Run 'pod install' or update your CocoaPods installation.\" >&2\n    exit 1\nfi\n";
			showEnvVarsInLog = 0;
		};
		3C9DEF38DA4F933B9CD17428 /* [CP] Copy Pods Resources */ = {
			isa = PBXShellScriptBuildPhase;
			buildActionMask = 2147483647;
			files = (
			);
			inputPaths = (
			);
			name = "[CP] Copy Pods Resources";
			outputPaths = (
			);
			runOnlyForDeploymentPostprocessing = 0;
			shellPath = /bin/sh;
			shellScript = "\"${SRCROOT}/Pods/Target Support Files/Pods-imagePickerUITests/Pods-imagePickerUITests-resources.sh\"\n";
			showEnvVarsInLog = 0;
		};
		722DC0D0E7F599FF37083D96 /* [CP] Copy Pods Resources */ = {
			isa = PBXShellScriptBuildPhase;
			buildActionMask = 2147483647;
			files = (
			);
			inputPaths = (
			);
			name = "[CP] Copy Pods Resources";
			outputPaths = (
			);
			runOnlyForDeploymentPostprocessing = 0;
			shellPath = /bin/sh;
			shellScript = "\"${SRCROOT}/Pods/Target Support Files/Pods-imagePickerTests/Pods-imagePickerTests-resources.sh\"\n";
			showEnvVarsInLog = 0;
		};
		86F3CFC68B0A89A76FC31AB5 /* [CP] Embed Pods Frameworks */ = {
			isa = PBXShellScriptBuildPhase;
			buildActionMask = 2147483647;
			files = (
			);
			inputPaths = (
			);
			name = "[CP] Embed Pods Frameworks";
			outputPaths = (
			);
			runOnlyForDeploymentPostprocessing = 0;
			shellPath = /bin/sh;
			shellScript = "\"${SRCROOT}/Pods/Target Support Files/Pods-imagePicker/Pods-imagePicker-frameworks.sh\"\n";
			showEnvVarsInLog = 0;
		};
		8B7EE9B7B7B02C588A12B398 /* [CP] Copy Pods Resources */ = {
			isa = PBXShellScriptBuildPhase;
			buildActionMask = 2147483647;
			files = (
			);
			inputPaths = (
			);
			name = "[CP] Copy Pods Resources";
			outputPaths = (
			);
			runOnlyForDeploymentPostprocessing = 0;
			shellPath = /bin/sh;
			shellScript = "\"${SRCROOT}/Pods/Target Support Files/Pods-imagePicker/Pods-imagePicker-resources.sh\"\n";
			showEnvVarsInLog = 0;
		};
		8C4D745385396CCE6E45DAD5 /* [CP] Embed Pods Frameworks */ = {
			isa = PBXShellScriptBuildPhase;
			buildActionMask = 2147483647;
			files = (
			);
			inputPaths = (
			);
			name = "[CP] Embed Pods Frameworks";
			outputPaths = (
			);
			runOnlyForDeploymentPostprocessing = 0;
			shellPath = /bin/sh;
			shellScript = "\"${SRCROOT}/Pods/Target Support Files/Pods-imagePickerUITests/Pods-imagePickerUITests-frameworks.sh\"\n";
			showEnvVarsInLog = 0;
		};
		A5497D678890D3BA0AD7A3BC /* [CP] Embed Pods Frameworks */ = {
			isa = PBXShellScriptBuildPhase;
			buildActionMask = 2147483647;
			files = (
			);
			inputPaths = (
			);
			name = "[CP] Embed Pods Frameworks";
			outputPaths = (
			);
			runOnlyForDeploymentPostprocessing = 0;
			shellPath = /bin/sh;
			shellScript = "\"${SRCROOT}/Pods/Target Support Files/Pods-imagePickerTests/Pods-imagePickerTests-frameworks.sh\"\n";
			showEnvVarsInLog = 0;
		};
		CD369DC539B628379F118621 /* [CP] Check Pods Manifest.lock */ = {
			isa = PBXShellScriptBuildPhase;
			buildActionMask = 2147483647;
			files = (
			);
			inputPaths = (
			);
			name = "[CP] Check Pods Manifest.lock";
			outputPaths = (
			);
			runOnlyForDeploymentPostprocessing = 0;
			shellPath = /bin/sh;
			shellScript = "diff \"${PODS_ROOT}/../Podfile.lock\" \"${PODS_ROOT}/Manifest.lock\" > /dev/null\nif [ $? != 0 ] ; then\n    # print error to STDERR\n    echo \"error: The sandbox is not in sync with the Podfile.lock. Run 'pod install' or update your CocoaPods installation.\" >&2\n    exit 1\nfi\n";
			showEnvVarsInLog = 0;
		};
		DE80C44C1CF8ACFA8CDBC87E /* [CP] Check Pods Manifest.lock */ = {
			isa = PBXShellScriptBuildPhase;
			buildActionMask = 2147483647;
			files = (
			);
			inputPaths = (
			);
			name = "[CP] Check Pods Manifest.lock";
			outputPaths = (
			);
			runOnlyForDeploymentPostprocessing = 0;
			shellPath = /bin/sh;
			shellScript = "diff \"${PODS_ROOT}/../Podfile.lock\" \"${PODS_ROOT}/Manifest.lock\" > /dev/null\nif [ $? != 0 ] ; then\n    # print error to STDERR\n    echo \"error: The sandbox is not in sync with the Podfile.lock. Run 'pod install' or update your CocoaPods installation.\" >&2\n    exit 1\nfi\n";
			showEnvVarsInLog = 0;
		};
/* End PBXShellScriptBuildPhase section */

/* Begin PBXSourcesBuildPhase section */
		2562B5FF1E939CF800D0AFC6 /* Sources */ = {
			isa = PBXSourcesBuildPhase;
			buildActionMask = 2147483647;
			files = (
				2562B6091E939CF800D0AFC6 /* ViewController.swift in Sources */,
				2562B60F1E939CF800D0AFC6 /* imagePicker.xcdatamodeld in Sources */,
				2562B6071E939CF800D0AFC6 /* AppDelegate.swift in Sources */,
			);
			runOnlyForDeploymentPostprocessing = 0;
		};
		2562B6161E939CF800D0AFC6 /* Sources */ = {
			isa = PBXSourcesBuildPhase;
			buildActionMask = 2147483647;
			files = (
				2562B61F1E939CF800D0AFC6 /* imagePickerTests.swift in Sources */,
			);
			runOnlyForDeploymentPostprocessing = 0;
		};
		2562B6211E939CF800D0AFC6 /* Sources */ = {
			isa = PBXSourcesBuildPhase;
			buildActionMask = 2147483647;
			files = (
				2562B62A1E939CF800D0AFC6 /* imagePickerUITests.swift in Sources */,
			);
			runOnlyForDeploymentPostprocessing = 0;
		};
/* End PBXSourcesBuildPhase section */

/* Begin PBXTargetDependency section */
		2562B61C1E939CF800D0AFC6 /* PBXTargetDependency */ = {
			isa = PBXTargetDependency;
			target = 2562B6021E939CF800D0AFC6 /* imagePicker */;
			targetProxy = 2562B61B1E939CF800D0AFC6 /* PBXContainerItemProxy */;
		};
		2562B6271E939CF800D0AFC6 /* PBXTargetDependency */ = {
			isa = PBXTargetDependency;
			target = 2562B6021E939CF800D0AFC6 /* imagePicker */;
			targetProxy = 2562B6261E939CF800D0AFC6 /* PBXContainerItemProxy */;
		};
/* End PBXTargetDependency section */

/* Begin PBXVariantGroup section */
		2562B60A1E939CF800D0AFC6 /* Main.storyboard */ = {
			isa = PBXVariantGroup;
			children = (
				2562B60B1E939CF800D0AFC6 /* Base */,
			);
			name = Main.storyboard;
			sourceTree = "<group>";
		};
		2562B6121E939CF800D0AFC6 /* LaunchScreen.storyboard */ = {
			isa = PBXVariantGroup;
			children = (
				2562B6131E939CF800D0AFC6 /* Base */,
			);
			name = LaunchScreen.storyboard;
			sourceTree = "<group>";
		};
/* End PBXVariantGroup section */

/* Begin XCBuildConfiguration section */
		2562B62C1E939CF800D0AFC6 /* Debug */ = {
			isa = XCBuildConfiguration;
			buildSettings = {
				ALWAYS_SEARCH_USER_PATHS = NO;
				CLANG_ANALYZER_NONNULL = YES;
				CLANG_CXX_LANGUAGE_STANDARD = "gnu++0x";
				CLANG_CXX_LIBRARY = "libc++";
				CLANG_ENABLE_MODULES = YES;
				CLANG_ENABLE_OBJC_ARC = YES;
				CLANG_WARN_BOOL_CONVERSION = YES;
				CLANG_WARN_CONSTANT_CONVERSION = YES;
				CLANG_WARN_DIRECT_OBJC_ISA_USAGE = YES_ERROR;
				CLANG_WARN_DOCUMENTATION_COMMENTS = YES;
				CLANG_WARN_EMPTY_BODY = YES;
				CLANG_WARN_ENUM_CONVERSION = YES;
				CLANG_WARN_INFINITE_RECURSION = YES;
				CLANG_WARN_INT_CONVERSION = YES;
				CLANG_WARN_OBJC_ROOT_CLASS = YES_ERROR;
				CLANG_WARN_SUSPICIOUS_MOVE = YES;
				CLANG_WARN_UNREACHABLE_CODE = YES;
				CLANG_WARN__DUPLICATE_METHOD_MATCH = YES;
				"CODE_SIGN_IDENTITY[sdk=iphoneos*]" = "iPhone Developer";
				COPY_PHASE_STRIP = NO;
				DEBUG_INFORMATION_FORMAT = dwarf;
				ENABLE_STRICT_OBJC_MSGSEND = YES;
				ENABLE_TESTABILITY = YES;
				GCC_C_LANGUAGE_STANDARD = gnu99;
				GCC_DYNAMIC_NO_PIC = NO;
				GCC_NO_COMMON_BLOCKS = YES;
				GCC_OPTIMIZATION_LEVEL = 0;
				GCC_PREPROCESSOR_DEFINITIONS = (
					"DEBUG=1",
					"$(inherited)",
				);
				GCC_WARN_64_TO_32_BIT_CONVERSION = YES;
				GCC_WARN_ABOUT_RETURN_TYPE = YES_ERROR;
				GCC_WARN_UNDECLARED_SELECTOR = YES;
				GCC_WARN_UNINITIALIZED_AUTOS = YES_AGGRESSIVE;
				GCC_WARN_UNUSED_FUNCTION = YES;
				GCC_WARN_UNUSED_VARIABLE = YES;
				IPHONEOS_DEPLOYMENT_TARGET = 10.2;
				MTL_ENABLE_DEBUG_INFO = YES;
				ONLY_ACTIVE_ARCH = YES;
				SDKROOT = iphoneos;
				SWIFT_ACTIVE_COMPILATION_CONDITIONS = DEBUG;
				SWIFT_OPTIMIZATION_LEVEL = "-Onone";
				TARGETED_DEVICE_FAMILY = "1,2";
			};
			name = Debug;
		};
		2562B62D1E939CF800D0AFC6 /* Release */ = {
			isa = XCBuildConfiguration;
			buildSettings = {
				ALWAYS_SEARCH_USER_PATHS = NO;
				CLANG_ANALYZER_NONNULL = YES;
				CLANG_CXX_LANGUAGE_STANDARD = "gnu++0x";
				CLANG_CXX_LIBRARY = "libc++";
				CLANG_ENABLE_MODULES = YES;
				CLANG_ENABLE_OBJC_ARC = YES;
				CLANG_WARN_BOOL_CONVERSION = YES;
				CLANG_WARN_CONSTANT_CONVERSION = YES;
				CLANG_WARN_DIRECT_OBJC_ISA_USAGE = YES_ERROR;
				CLANG_WARN_DOCUMENTATION_COMMENTS = YES;
				CLANG_WARN_EMPTY_BODY = YES;
				CLANG_WARN_ENUM_CONVERSION = YES;
				CLANG_WARN_INFINITE_RECURSION = YES;
				CLANG_WARN_INT_CONVERSION = YES;
				CLANG_WARN_OBJC_ROOT_CLASS = YES_ERROR;
				CLANG_WARN_SUSPICIOUS_MOVE = YES;
				CLANG_WARN_UNREACHABLE_CODE = YES;
				CLANG_WARN__DUPLICATE_METHOD_MATCH = YES;
				"CODE_SIGN_IDENTITY[sdk=iphoneos*]" = "iPhone Developer";
				COPY_PHASE_STRIP = NO;
				DEBUG_INFORMATION_FORMAT = "dwarf-with-dsym";
				ENABLE_NS_ASSERTIONS = NO;
				ENABLE_STRICT_OBJC_MSGSEND = YES;
				GCC_C_LANGUAGE_STANDARD = gnu99;
				GCC_NO_COMMON_BLOCKS = YES;
				GCC_WARN_64_TO_32_BIT_CONVERSION = YES;
				GCC_WARN_ABOUT_RETURN_TYPE = YES_ERROR;
				GCC_WARN_UNDECLARED_SELECTOR = YES;
				GCC_WARN_UNINITIALIZED_AUTOS = YES_AGGRESSIVE;
				GCC_WARN_UNUSED_FUNCTION = YES;
				GCC_WARN_UNUSED_VARIABLE = YES;
				IPHONEOS_DEPLOYMENT_TARGET = 10.2;
				MTL_ENABLE_DEBUG_INFO = NO;
				SDKROOT = iphoneos;
				SWIFT_OPTIMIZATION_LEVEL = "-Owholemodule";
				TARGETED_DEVICE_FAMILY = "1,2";
				VALIDATE_PRODUCT = YES;
			};
			name = Release;
		};
		2562B62F1E939CF800D0AFC6 /* Debug */ = {
			isa = XCBuildConfiguration;
			baseConfigurationReference = 78F983CAC7651DE9921E3E48 /* Pods-imagePicker.debug.xcconfig */;
			buildSettings = {
				ASSETCATALOG_COMPILER_APPICON_NAME = AppIcon;
				DEVELOPMENT_TEAM = 9A9LR934E6;
				INFOPLIST_FILE = imagePicker/Info.plist;
				LD_RUNPATH_SEARCH_PATHS = "$(inherited) @executable_path/Frameworks";
				PRODUCT_BUNDLE_IDENTIFIER = com.example.imagesPicker1;
				PRODUCT_NAME = "$(TARGET_NAME)";
				SWIFT_VERSION = 3.0;
			};
			name = Debug;
		};
		2562B6301E939CF800D0AFC6 /* Release */ = {
			isa = XCBuildConfiguration;
			baseConfigurationReference = 187FCA7E8DC18DB6D9D04BD6 /* Pods-imagePicker.release.xcconfig */;
			buildSettings = {
				ASSETCATALOG_COMPILER_APPICON_NAME = AppIcon;
				DEVELOPMENT_TEAM = 9A9LR934E6;
				INFOPLIST_FILE = imagePicker/Info.plist;
				LD_RUNPATH_SEARCH_PATHS = "$(inherited) @executable_path/Frameworks";
				PRODUCT_BUNDLE_IDENTIFIER = com.example.imagesPicker1;
				PRODUCT_NAME = "$(TARGET_NAME)";
				SWIFT_VERSION = 3.0;
			};
			name = Release;
		};
		2562B6321E939CF800D0AFC6 /* Debug */ = {
			isa = XCBuildConfiguration;
			baseConfigurationReference = D5E3C0EB58DFA6AD7A52EB4E /* Pods-imagePickerTests.debug.xcconfig */;
			buildSettings = {
				ALWAYS_EMBED_SWIFT_STANDARD_LIBRARIES = YES;
				BUNDLE_LOADER = "$(TEST_HOST)";
				INFOPLIST_FILE = imagePickerTests/Info.plist;
				LD_RUNPATH_SEARCH_PATHS = "$(inherited) @executable_path/Frameworks @loader_path/Frameworks";
				PRODUCT_BUNDLE_IDENTIFIER = com.example.imagePickerTests;
				PRODUCT_NAME = "$(TARGET_NAME)";
				SWIFT_VERSION = 3.0;
				TEST_HOST = "$(BUILT_PRODUCTS_DIR)/imagePicker.app/imagePicker";
			};
			name = Debug;
		};
		2562B6331E939CF800D0AFC6 /* Release */ = {
			isa = XCBuildConfiguration;
			baseConfigurationReference = BC851376ACC332D476D6CFCF /* Pods-imagePickerTests.release.xcconfig */;
			buildSettings = {
				ALWAYS_EMBED_SWIFT_STANDARD_LIBRARIES = YES;
				BUNDLE_LOADER = "$(TEST_HOST)";
				INFOPLIST_FILE = imagePickerTests/Info.plist;
				LD_RUNPATH_SEARCH_PATHS = "$(inherited) @executable_path/Frameworks @loader_path/Frameworks";
				PRODUCT_BUNDLE_IDENTIFIER = com.example.imagePickerTests;
				PRODUCT_NAME = "$(TARGET_NAME)";
				SWIFT_VERSION = 3.0;
				TEST_HOST = "$(BUILT_PRODUCTS_DIR)/imagePicker.app/imagePicker";
			};
			name = Release;
		};
		2562B6351E939CF800D0AFC6 /* Debug */ = {
			isa = XCBuildConfiguration;
			baseConfigurationReference = C1F65D24906ADFF130816386 /* Pods-imagePickerUITests.debug.xcconfig */;
			buildSettings = {
				ALWAYS_EMBED_SWIFT_STANDARD_LIBRARIES = YES;
				INFOPLIST_FILE = imagePickerUITests/Info.plist;
				LD_RUNPATH_SEARCH_PATHS = "$(inherited) @executable_path/Frameworks @loader_path/Frameworks";
				PRODUCT_BUNDLE_IDENTIFIER = com.example.imagePickerUITests;
				PRODUCT_NAME = "$(TARGET_NAME)";
				SWIFT_VERSION = 3.0;
				TEST_TARGET_NAME = imagePicker;
			};
			name = Debug;
		};
		2562B6361E939CF800D0AFC6 /* Release */ = {
			isa = XCBuildConfiguration;
			baseConfigurationReference = 1B8F6F91017048863E7F191A /* Pods-imagePickerUITests.release.xcconfig */;
			buildSettings = {
				ALWAYS_EMBED_SWIFT_STANDARD_LIBRARIES = YES;
				INFOPLIST_FILE = imagePickerUITests/Info.plist;
				LD_RUNPATH_SEARCH_PATHS = "$(inherited) @executable_path/Frameworks @loader_path/Frameworks";
				PRODUCT_BUNDLE_IDENTIFIER = com.example.imagePickerUITests;
				PRODUCT_NAME = "$(TARGET_NAME)";
				SWIFT_VERSION = 3.0;
				TEST_TARGET_NAME = imagePicker;
			};
			name = Release;
		};
/* End XCBuildConfiguration section */

/* Begin XCConfigurationList section */
		2562B5FE1E939CF700D0AFC6 /* Build configuration list for PBXProject "imagePicker" */ = {
			isa = XCConfigurationList;
			buildConfigurations = (
				2562B62C1E939CF800D0AFC6 /* Debug */,
				2562B62D1E939CF800D0AFC6 /* Release */,
			);
			defaultConfigurationIsVisible = 0;
			defaultConfigurationName = Release;
		};
		2562B62E1E939CF800D0AFC6 /* Build configuration list for PBXNativeTarget "imagePicker" */ = {
			isa = XCConfigurationList;
			buildConfigurations = (
				2562B62F1E939CF800D0AFC6 /* Debug */,
				2562B6301E939CF800D0AFC6 /* Release */,
			);
			defaultConfigurationIsVisible = 0;
			defaultConfigurationName = Release;
		};
		2562B6311E939CF800D0AFC6 /* Build configuration list for PBXNativeTarget "imagePickerTests" */ = {
			isa = XCConfigurationList;
			buildConfigurations = (
				2562B6321E939CF800D0AFC6 /* Debug */,
				2562B6331E939CF800D0AFC6 /* Release */,
			);
			defaultConfigurationIsVisible = 0;
			defaultConfigurationName = Release;
		};
		2562B6341E939CF800D0AFC6 /* Build configuration list for PBXNativeTarget "imagePickerUITests" */ = {
			isa = XCConfigurationList;
			buildConfigurations = (
				2562B6351E939CF800D0AFC6 /* Debug */,
				2562B6361E939CF800D0AFC6 /* Release */,
			);
			defaultConfigurationIsVisible = 0;
			defaultConfigurationName = Release;
		};
/* End XCConfigurationList section */

/* Begin XCVersionGroup section */
		2562B60D1E939CF800D0AFC6 /* imagePicker.xcdatamodeld */ = {
			isa = XCVersionGroup;
			children = (
				2562B60E1E939CF800D0AFC6 /* imagePicker.xcdatamodel */,
			);
			currentVersion = 2562B60E1E939CF800D0AFC6 /* imagePicker.xcdatamodel */;
			path = imagePicker.xcdatamodeld;
			sourceTree = "<group>";
			versionGroupType = wrapper.xcdatamodel;
		};
/* End XCVersionGroup section */
	};
	rootObject = 2562B5FB1E939CF700D0AFC6 /* Project object */;
}
